dependencies:
- name: postgresql
  repository: https://charts.bitnami.com/bitnami
  version: 12.3.2
- name: redis
  repository: https://charts.bitnami.com/bitnami
  version: 17.17.1
digest: sha256:67f4991a1378cc467129742a8ba0fa6d936c8af1078455e849bf702c5cce130e
generated: "2023-09-13T09:12:04.945151394Z"
