dependencies:
- name: postgresql
  repository: https://charts.bitnami.com/bitnami
  version: 12.3.2
- name: redis
  repository: https://charts.bitnami.com/bitnami
  version: 18.0.4
digest: sha256:81713e673094a0a901af5d8f6e0c6adac9e98028e5ae3d26dfcc5642fb9ddc8f
generated: "2023-09-13T12:15:33.349711877Z"
